
Microsoft Visual Studio Solution File, Format Version 12.00
# Visual Studio Version 17
VisualStudioVersion = 17.0.31903.59
MinimumVisualStudioVersion = 10.0.40219.1
Project("{FAE04EC0-301F-11D3-BF4B-00C04F79EFBC}") = "Domain", "Domain\Domain.csproj", "{51954F11-535A-470A-8700-7D080AFBB167}"
EndProject
Project("{FAE04EC0-301F-11D3-BF4B-00C04F79EFBC}") = "Tests", "Tests\Tests.csproj", "{962A1516-7497-4DD6-9646-4B981DB4FEB9}"
EndProject
Global
	GlobalSection(SolutionConfigurationPlatforms) = preSolution
		Debug|Any CPU = Debug|Any CPU
		Release|Any CPU = Release|Any CPU
	EndGlobalSection
	GlobalSection(SolutionProperties) = preSolution
		HideSolutionNode = FALSE
	EndGlobalSection
	GlobalSection(ProjectConfigurationPlatforms) = postSolution
		{51954F11-535A-470A-8700-7D080AFBB167}.Debug|Any CPU.ActiveCfg = Debug|Any CPU
		{51954F11-535A-470A-8700-7D080AFBB167}.Debug|Any CPU.Build.0 = Debug|Any CPU
		{51954F11-535A-470A-8700-7D080AFBB167}.Release|Any CPU.ActiveCfg = Release|Any CPU
		{51954F11-535A-470A-8700-7D080AFBB167}.Release|Any CPU.Build.0 = Release|Any CPU
		{962A1516-7497-4DD6-9646-4B981DB4FEB9}.Debug|Any CPU.ActiveCfg = Debug|Any CPU
		{962A1516-7497-4DD6-9646-4B981DB4FEB9}.Debug|Any CPU.Build.0 = Debug|Any CPU
		{962A1516-7497-4DD6-9646-4B981DB4FEB9}.Release|Any CPU.ActiveCfg = Release|Any CPU
		{962A1516-7497-4DD6-9646-4B981DB4FEB9}.Release|Any CPU.Build.0 = Release|Any CPU
	EndGlobalSection
EndGlobal
